
Microsoft Visual Studio Solution File, Format Version 12.00
# Visual Studio Version 16
VisualStudioVersion = 16.0.31112.23
MinimumVisualStudioVersion = 10.0.40219.1
Project("{FAE04EC0-301F-11D3-BF4B-00C04F79EFBC}") = "CalculatorApplicationMVVM", "CalculatorApplicationMVVM\CalculatorApplicationMVVM.csproj", "{5FE447FA-D5AA-4015-8D11-0FFC482C9916}"
EndProject
Global
	GlobalSection(SolutionConfigurationPlatforms) = preSolution
		Debug|Any CPU = Debug|Any CPU
		Release|Any CPU = Release|Any CPU
	EndGlobalSection
	GlobalSection(ProjectConfigurationPlatforms) = postSolution
		{5FE447FA-D5AA-4015-8D11-0FFC482C9916}.Debug|Any CPU.ActiveCfg = Debug|Any CPU
		{5FE447FA-D5AA-4015-8D11-0FFC482C9916}.Debug|Any CPU.Build.0 = Debug|Any CPU
		{5FE447FA-D5AA-4015-8D11-0FFC482C9916}.Release|Any CPU.ActiveCfg = Release|Any CPU
		{5FE447FA-D5AA-4015-8D11-0FFC482C9916}.Release|Any CPU.Build.0 = Release|Any CPU
	EndGlobalSection
	GlobalSection(SolutionProperties) = preSolution
		HideSolutionNode = FALSE
	EndGlobalSection
	GlobalSection(ExtensibilityGlobals) = postSolution
		SolutionGuid = {D05D148E-08BE-4CEC-851D-19A2D9496B2F}
	EndGlobalSection
EndGlobal
